schema: '2.0'
stages:
  download:
    cmd: uv run python scripts/download_minivess.py
    deps:
    - path: scripts/download_minivess.py
      hash: md5
      md5: 60cffea9444719ac5e6c0a233e64a420
      size: 2197
    outs:
    - path: data/raw/minivess/
      hash: md5
      md5: be49b3c0c462446c4336cdc5f2781e36.dir
      size: 984532972
      nfiles: 210
